
Microsoft Visual Studio Solution File, Format Version 12.00
# Visual Studio Version 16
VisualStudioVersion = 16.0.30517.126
MinimumVisualStudioVersion = 10.0.40219.1
Project("{2150E333-8FDC-42A3-9474-1A3956D46DE8}") = "Application", "Application", "{3F758E44-33FF-4711-B85E-B51C42F0697F}"
EndProject
Project("{9A19103F-16F7-4668-BE54-9A1E7A4F7556}") = "Core.Gateway.Api", "Core.Gateway.Api\Core.Gateway.Api.csproj", "{7D3A8183-BBD8-42BA-A191-C93A93486121}"
EndProject
Project("{9A19103F-16F7-4668-BE54-9A1E7A4F7556}") = "Core.Gateway.Domain", "Core.Gateway.Domain\Core.Gateway.Domain.csproj", "{D03F5A7E-FC88-4CE1-AB4C-052AF344BCA1}"
EndProject
Project("{9A19103F-16F7-4668-BE54-9A1E7A4F7556}") = "Core.Gateway.Data", "Core.Gateway.Data\Core.Gateway.Data.csproj", "{1365A056-9142-472F-B079-BC22B9339CFC}"
EndProject
Project("{2150E333-8FDC-42A3-9474-1A3956D46DE8}") = "MicroServices", "MicroServices", "{F3092809-73FE-451E-9CD7-6695C1CDD9F6}"
EndProject
Project("{2150E333-8FDC-42A3-9474-1A3956D46DE8}") = "ProcessorContainer", "ProcessorContainer", "{839E8813-CAC2-486C-82E9-C575C8B47FF3}"
EndProject
Project("{2150E333-8FDC-42A3-9474-1A3956D46DE8}") = "Paymentech", "Paymentech", "{960A9E68-5ABA-465C-81D9-1C2ABFB37048}"
EndProject
Project("{2150E333-8FDC-42A3-9474-1A3956D46DE8}") = "Bc", "Bc", "{C6BC3B40-54AC-4D60-A038-71CD87C699A6}"
EndProject
Project("{2150E333-8FDC-42A3-9474-1A3956D46DE8}") = "Authnet", "Authnet", "{7EA311B7-A4CC-4F16-9594-0D1618A32B87}"
EndProject
Project("{9A19103F-16F7-4668-BE54-9A1E7A4F7556}") = "Core.Paymentech.Api", "Core.Paymentech.Api\Core.Paymentech.Api.csproj", "{96872965-E0DB-4EED-9CC8-ED6C12320F14}"
EndProject
Project("{9A19103F-16F7-4668-BE54-9A1E7A4F7556}") = "Core.Paymentech.Service", "Core.Paymentech.Service\Core.Paymentech.Service.csproj", "{A3C14BFA-6A6B-4E66-B720-C9D37A05A113}"
EndProject
Project("{9A19103F-16F7-4668-BE54-9A1E7A4F7556}") = "Core.Authnet.Api", "Core.Authnet.Api\Core.Authnet.Api.csproj", "{2C80A1D3-2C12-44E8-AC55-9BDF6F682151}"
EndProject
Project("{9A19103F-16F7-4668-BE54-9A1E7A4F7556}") = "Core.BC.Api", "Core.BC.Api\Core.BC.Api.csproj", "{EE35F865-F07A-49AE-92DA-72560BC3FE08}"
EndProject
Project("{9A19103F-16F7-4668-BE54-9A1E7A4F7556}") = "Core.BC.Service", "Core.BC.Service\Core.BC.Service.csproj", "{0DA18EDF-D45F-4626-89DF-CA21D9DF5D51}"
EndProject
Project("{9A19103F-16F7-4668-BE54-9A1E7A4F7556}") = "Core.Authnet.Service", "Core.Authnet.Service\Core.Authnet.Service.csproj", "{1D450390-9C17-422F-9806-BEF552FC3FD2}"
EndProject
Project("{2150E333-8FDC-42A3-9474-1A3956D46DE8}") = "CoreEngine", "CoreEngine", "{C956F03D-63A3-43A6-99DD-CE28CCF55459}"
EndProject
Project("{9A19103F-16F7-4668-BE54-9A1E7A4F7556}") = "Core.REST.Api", "Core.REST.Api\Core.REST.Api.csproj", "{E18F58AD-E64D-43B7-981D-081D9541FCA8}"
EndProject
Project("{9A19103F-16F7-4668-BE54-9A1E7A4F7556}") = "Core.Payment.Tokenizer", "Core.Payment.Tokenizer\Core.Payment.Tokenizer.csproj", "{7009A633-4491-4BC3-8643-002771EF3BDE}"
EndProject
Project("{2150E333-8FDC-42A3-9474-1A3956D46DE8}") = "Common", "Common", "{B0616BB2-B6B3-498B-879A-D48E373AE6B4}"
EndProject
Project("{9A19103F-16F7-4668-BE54-9A1E7A4F7556}") = "Core.Payment.Crypto", "Core.Payment.Crypto\Core.Payment.Crypto.csproj", "{DECBF960-036E-40CE-AE03-314B20A009E8}"
EndProject
Project("{9A19103F-16F7-4668-BE54-9A1E7A4F7556}") = "Core.Gateway.IoC", "Core.Gateway.IoC\Core.Gateway.IoC.csproj", "{A2E3CEA2-A3D2-4EDA-AD1D-687679462F98}"
EndProject
Project("{9A19103F-16F7-4668-BE54-9A1E7A4F7556}") = "Core.Gateway.Models", "Core.Gateway.Models\Core.Gateway.Models.csproj", "{972D0A1A-7C3D-4836-B963-AC44496CF450}"
EndProject
Project("{9A19103F-16F7-4668-BE54-9A1E7A4F7556}") = "Core.Gateway.Helper", "Core.Gateway.Helper\Core.Gateway.Helper.csproj", "{24343BAD-D37A-46EF-8DCB-3F4C340986F4}"
EndProject
Project("{2150E333-8FDC-42A3-9474-1A3956D46DE8}") = "Presentation", "Presentation", "{379C7BBB-454D-4370-B2D0-DDA432812CFA}"
EndProject
Project("{9A19103F-16F7-4668-BE54-9A1E7A4F7556}") = "FAPS.Core.Helper", "FAPS.Core.RestApp\FAPS.Core.Helper\FAPS.Core.Helper.csproj", "{1BC21D29-806F-480B-8CDD-56A662CDB40D}"
EndProject
Project("{9A19103F-16F7-4668-BE54-9A1E7A4F7556}") = "FAPS.Core.Model", "FAPS.Core.RestApp\FAPS.Core.Model\FAPS.Core.Model.csproj", "{D39ED446-A634-41F1-9F80-46EDFC9BD812}"
EndProject
Project("{9A19103F-16F7-4668-BE54-9A1E7A4F7556}") = "FAPS.Core.RestApp", "FAPS.Core.RestApp\FAPS.Core.RestApp\FAPS.Core.RestApp.csproj", "{8606E768-73FB-4ACC-B1C2-5B31FF43395F}"
EndProject
Global
	GlobalSection(SolutionConfigurationPlatforms) = preSolution
		Debug|Any CPU = Debug|Any CPU
		Release|Any CPU = Release|Any CPU
	EndGlobalSection
	GlobalSection(ProjectConfigurationPlatforms) = postSolution
		{7D3A8183-BBD8-42BA-A191-C93A93486121}.Debug|Any CPU.ActiveCfg = Debug|Any CPU
		{7D3A8183-BBD8-42BA-A191-C93A93486121}.Debug|Any CPU.Build.0 = Debug|Any CPU
		{7D3A8183-BBD8-42BA-A191-C93A93486121}.Release|Any CPU.ActiveCfg = Release|Any CPU
		{7D3A8183-BBD8-42BA-A191-C93A93486121}.Release|Any CPU.Build.0 = Release|Any CPU
		{D03F5A7E-FC88-4CE1-AB4C-052AF344BCA1}.Debug|Any CPU.ActiveCfg = Debug|Any CPU
		{D03F5A7E-FC88-4CE1-AB4C-052AF344BCA1}.Debug|Any CPU.Build.0 = Debug|Any CPU
		{D03F5A7E-FC88-4CE1-AB4C-052AF344BCA1}.Release|Any CPU.ActiveCfg = Release|Any CPU
		{D03F5A7E-FC88-4CE1-AB4C-052AF344BCA1}.Release|Any CPU.Build.0 = Release|Any CPU
		{1365A056-9142-472F-B079-BC22B9339CFC}.Debug|Any CPU.ActiveCfg = Debug|Any CPU
		{1365A056-9142-472F-B079-BC22B9339CFC}.Debug|Any CPU.Build.0 = Debug|Any CPU
		{1365A056-9142-472F-B079-BC22B9339CFC}.Release|Any CPU.ActiveCfg = Release|Any CPU
		{1365A056-9142-472F-B079-BC22B9339CFC}.Release|Any CPU.Build.0 = Release|Any CPU
		{96872965-E0DB-4EED-9CC8-ED6C12320F14}.Debug|Any CPU.ActiveCfg = Debug|Any CPU
		{96872965-E0DB-4EED-9CC8-ED6C12320F14}.Debug|Any CPU.Build.0 = Debug|Any CPU
		{96872965-E0DB-4EED-9CC8-ED6C12320F14}.Release|Any CPU.ActiveCfg = Release|Any CPU
		{96872965-E0DB-4EED-9CC8-ED6C12320F14}.Release|Any CPU.Build.0 = Release|Any CPU
		{A3C14BFA-6A6B-4E66-B720-C9D37A05A113}.Debug|Any CPU.ActiveCfg = Debug|Any CPU
		{A3C14BFA-6A6B-4E66-B720-C9D37A05A113}.Debug|Any CPU.Build.0 = Debug|Any CPU
		{A3C14BFA-6A6B-4E66-B720-C9D37A05A113}.Release|Any CPU.ActiveCfg = Release|Any CPU
		{A3C14BFA-6A6B-4E66-B720-C9D37A05A113}.Release|Any CPU.Build.0 = Release|Any CPU
		{2C80A1D3-2C12-44E8-AC55-9BDF6F682151}.Debug|Any CPU.ActiveCfg = Debug|Any CPU
		{2C80A1D3-2C12-44E8-AC55-9BDF6F682151}.Debug|Any CPU.Build.0 = Debug|Any CPU
		{2C80A1D3-2C12-44E8-AC55-9BDF6F682151}.Release|Any CPU.ActiveCfg = Release|Any CPU
		{2C80A1D3-2C12-44E8-AC55-9BDF6F682151}.Release|Any CPU.Build.0 = Release|Any CPU
		{EE35F865-F07A-49AE-92DA-72560BC3FE08}.Debug|Any CPU.ActiveCfg = Debug|Any CPU
		{EE35F865-F07A-49AE-92DA-72560BC3FE08}.Debug|Any CPU.Build.0 = Debug|Any CPU
		{EE35F865-F07A-49AE-92DA-72560BC3FE08}.Release|Any CPU.ActiveCfg = Release|Any CPU
		{EE35F865-F07A-49AE-92DA-72560BC3FE08}.Release|Any CPU.Build.0 = Release|Any CPU
		{0DA18EDF-D45F-4626-89DF-CA21D9DF5D51}.Debug|Any CPU.ActiveCfg = Debug|Any CPU
		{0DA18EDF-D45F-4626-89DF-CA21D9DF5D51}.Debug|Any CPU.Build.0 = Debug|Any CPU
		{0DA18EDF-D45F-4626-89DF-CA21D9DF5D51}.Release|Any CPU.ActiveCfg = Release|Any CPU
		{0DA18EDF-D45F-4626-89DF-CA21D9DF5D51}.Release|Any CPU.Build.0 = Release|Any CPU
		{1D450390-9C17-422F-9806-BEF552FC3FD2}.Debug|Any CPU.ActiveCfg = Debug|Any CPU
		{1D450390-9C17-422F-9806-BEF552FC3FD2}.Debug|Any CPU.Build.0 = Debug|Any CPU
		{1D450390-9C17-422F-9806-BEF552FC3FD2}.Release|Any CPU.ActiveCfg = Release|Any CPU
		{1D450390-9C17-422F-9806-BEF552FC3FD2}.Release|Any CPU.Build.0 = Release|Any CPU
		{E18F58AD-E64D-43B7-981D-081D9541FCA8}.Debug|Any CPU.ActiveCfg = Debug|Any CPU
		{E18F58AD-E64D-43B7-981D-081D9541FCA8}.Debug|Any CPU.Build.0 = Debug|Any CPU
		{E18F58AD-E64D-43B7-981D-081D9541FCA8}.Release|Any CPU.ActiveCfg = Release|Any CPU
		{E18F58AD-E64D-43B7-981D-081D9541FCA8}.Release|Any CPU.Build.0 = Release|Any CPU
		{7009A633-4491-4BC3-8643-002771EF3BDE}.Debug|Any CPU.ActiveCfg = Debug|Any CPU
		{7009A633-4491-4BC3-8643-002771EF3BDE}.Debug|Any CPU.Build.0 = Debug|Any CPU
		{7009A633-4491-4BC3-8643-002771EF3BDE}.Release|Any CPU.ActiveCfg = Release|Any CPU
		{7009A633-4491-4BC3-8643-002771EF3BDE}.Release|Any CPU.Build.0 = Release|Any CPU
		{DECBF960-036E-40CE-AE03-314B20A009E8}.Debug|Any CPU.ActiveCfg = Debug|Any CPU
		{DECBF960-036E-40CE-AE03-314B20A009E8}.Debug|Any CPU.Build.0 = Debug|Any CPU
		{DECBF960-036E-40CE-AE03-314B20A009E8}.Release|Any CPU.ActiveCfg = Release|Any CPU
		{DECBF960-036E-40CE-AE03-314B20A009E8}.Release|Any CPU.Build.0 = Release|Any CPU
		{A2E3CEA2-A3D2-4EDA-AD1D-687679462F98}.Debug|Any CPU.ActiveCfg = Debug|Any CPU
		{A2E3CEA2-A3D2-4EDA-AD1D-687679462F98}.Debug|Any CPU.Build.0 = Debug|Any CPU
		{A2E3CEA2-A3D2-4EDA-AD1D-687679462F98}.Release|Any CPU.ActiveCfg = Release|Any CPU
		{A2E3CEA2-A3D2-4EDA-AD1D-687679462F98}.Release|Any CPU.Build.0 = Release|Any CPU
		{972D0A1A-7C3D-4836-B963-AC44496CF450}.Debug|Any CPU.ActiveCfg = Debug|Any CPU
		{972D0A1A-7C3D-4836-B963-AC44496CF450}.Debug|Any CPU.Build.0 = Debug|Any CPU
		{972D0A1A-7C3D-4836-B963-AC44496CF450}.Release|Any CPU.ActiveCfg = Release|Any CPU
		{972D0A1A-7C3D-4836-B963-AC44496CF450}.Release|Any CPU.Build.0 = Release|Any CPU
		{24343BAD-D37A-46EF-8DCB-3F4C340986F4}.Debug|Any CPU.ActiveCfg = Debug|Any CPU
		{24343BAD-D37A-46EF-8DCB-3F4C340986F4}.Debug|Any CPU.Build.0 = Debug|Any CPU
		{24343BAD-D37A-46EF-8DCB-3F4C340986F4}.Release|Any CPU.ActiveCfg = Release|Any CPU
		{24343BAD-D37A-46EF-8DCB-3F4C340986F4}.Release|Any CPU.Build.0 = Release|Any CPU
		{1BC21D29-806F-480B-8CDD-56A662CDB40D}.Debug|Any CPU.ActiveCfg = Debug|Any CPU
		{1BC21D29-806F-480B-8CDD-56A662CDB40D}.Debug|Any CPU.Build.0 = Debug|Any CPU
		{1BC21D29-806F-480B-8CDD-56A662CDB40D}.Release|Any CPU.ActiveCfg = Release|Any CPU
		{1BC21D29-806F-480B-8CDD-56A662CDB40D}.Release|Any CPU.Build.0 = Release|Any CPU
		{D39ED446-A634-41F1-9F80-46EDFC9BD812}.Debug|Any CPU.ActiveCfg = Debug|Any CPU
		{D39ED446-A634-41F1-9F80-46EDFC9BD812}.Debug|Any CPU.Build.0 = Debug|Any CPU
		{D39ED446-A634-41F1-9F80-46EDFC9BD812}.Release|Any CPU.ActiveCfg = Release|Any CPU
		{D39ED446-A634-41F1-9F80-46EDFC9BD812}.Release|Any CPU.Build.0 = Release|Any CPU
		{8606E768-73FB-4ACC-B1C2-5B31FF43395F}.Debug|Any CPU.ActiveCfg = Debug|Any CPU
		{8606E768-73FB-4ACC-B1C2-5B31FF43395F}.Debug|Any CPU.Build.0 = Debug|Any CPU
		{8606E768-73FB-4ACC-B1C2-5B31FF43395F}.Release|Any CPU.ActiveCfg = Release|Any CPU
		{8606E768-73FB-4ACC-B1C2-5B31FF43395F}.Release|Any CPU.Build.0 = Release|Any CPU
	EndGlobalSection
	GlobalSection(SolutionProperties) = preSolution
		HideSolutionNode = FALSE
	EndGlobalSection
	GlobalSection(NestedProjects) = preSolution
		{7D3A8183-BBD8-42BA-A191-C93A93486121} = {C956F03D-63A3-43A6-99DD-CE28CCF55459}
		{D03F5A7E-FC88-4CE1-AB4C-052AF344BCA1} = {C956F03D-63A3-43A6-99DD-CE28CCF55459}
		{1365A056-9142-472F-B079-BC22B9339CFC} = {C956F03D-63A3-43A6-99DD-CE28CCF55459}
		{839E8813-CAC2-486C-82E9-C575C8B47FF3} = {F3092809-73FE-451E-9CD7-6695C1CDD9F6}
		{960A9E68-5ABA-465C-81D9-1C2ABFB37048} = {839E8813-CAC2-486C-82E9-C575C8B47FF3}
		{C6BC3B40-54AC-4D60-A038-71CD87C699A6} = {839E8813-CAC2-486C-82E9-C575C8B47FF3}
		{7EA311B7-A4CC-4F16-9594-0D1618A32B87} = {839E8813-CAC2-486C-82E9-C575C8B47FF3}
		{96872965-E0DB-4EED-9CC8-ED6C12320F14} = {960A9E68-5ABA-465C-81D9-1C2ABFB37048}
		{A3C14BFA-6A6B-4E66-B720-C9D37A05A113} = {960A9E68-5ABA-465C-81D9-1C2ABFB37048}
		{2C80A1D3-2C12-44E8-AC55-9BDF6F682151} = {7EA311B7-A4CC-4F16-9594-0D1618A32B87}
		{EE35F865-F07A-49AE-92DA-72560BC3FE08} = {C6BC3B40-54AC-4D60-A038-71CD87C699A6}
		{0DA18EDF-D45F-4626-89DF-CA21D9DF5D51} = {C6BC3B40-54AC-4D60-A038-71CD87C699A6}
		{1D450390-9C17-422F-9806-BEF552FC3FD2} = {7EA311B7-A4CC-4F16-9594-0D1618A32B87}
		{E18F58AD-E64D-43B7-981D-081D9541FCA8} = {3F758E44-33FF-4711-B85E-B51C42F0697F}
		{7009A633-4491-4BC3-8643-002771EF3BDE} = {B0616BB2-B6B3-498B-879A-D48E373AE6B4}
		{B0616BB2-B6B3-498B-879A-D48E373AE6B4} = {C956F03D-63A3-43A6-99DD-CE28CCF55459}
		{DECBF960-036E-40CE-AE03-314B20A009E8} = {B0616BB2-B6B3-498B-879A-D48E373AE6B4}
		{A2E3CEA2-A3D2-4EDA-AD1D-687679462F98} = {C956F03D-63A3-43A6-99DD-CE28CCF55459}
		{972D0A1A-7C3D-4836-B963-AC44496CF450} = {C956F03D-63A3-43A6-99DD-CE28CCF55459}
		{24343BAD-D37A-46EF-8DCB-3F4C340986F4} = {C956F03D-63A3-43A6-99DD-CE28CCF55459}
		{1BC21D29-806F-480B-8CDD-56A662CDB40D} = {379C7BBB-454D-4370-B2D0-DDA432812CFA}
		{D39ED446-A634-41F1-9F80-46EDFC9BD812} = {379C7BBB-454D-4370-B2D0-DDA432812CFA}
		{8606E768-73FB-4ACC-B1C2-5B31FF43395F} = {379C7BBB-454D-4370-B2D0-DDA432812CFA}
	EndGlobalSection
	GlobalSection(ExtensibilityGlobals) = postSolution
		SolutionGuid = {D324EE95-9C94-441A-8344-5B492D8B8A35}
	EndGlobalSection
EndGlobal
